
Microsoft Visual Studio Solution File, Format Version 12.00
# Visual Studio Version 16
VisualStudioVersion = 16.0.31019.35
MinimumVisualStudioVersion = 10.0.40219.1
Project("{8BC9CEB8-8B4A-11D0-8D11-00A0C91BC942}") = "SecToHMS_YSB", "SecToHMS_YSB\SecToHMS_YSB.vcxproj", "{455B351C-F1B2-4D35-AEF7-CD0A62F0AEA9}"
EndProject
Global
	GlobalSection(SolutionConfigurationPlatforms) = preSolution
		Debug|x64 = Debug|x64
		Debug|x86 = Debug|x86
		Release|x64 = Release|x64
		Release|x86 = Release|x86
	EndGlobalSection
	GlobalSection(ProjectConfigurationPlatforms) = postSolution
		{455B351C-F1B2-4D35-AEF7-CD0A62F0AEA9}.Debug|x64.ActiveCfg = Debug|x64
		{455B351C-F1B2-4D35-AEF7-CD0A62F0AEA9}.Debug|x64.Build.0 = Debug|x64
		{455B351C-F1B2-4D35-AEF7-CD0A62F0AEA9}.Debug|x86.ActiveCfg = Debug|Win32
		{455B351C-F1B2-4D35-AEF7-CD0A62F0AEA9}.Debug|x86.Build.0 = Debug|Win32
		{455B351C-F1B2-4D35-AEF7-CD0A62F0AEA9}.Release|x64.ActiveCfg = Release|x64
		{455B351C-F1B2-4D35-AEF7-CD0A62F0AEA9}.Release|x64.Build.0 = Release|x64
		{455B351C-F1B2-4D35-AEF7-CD0A62F0AEA9}.Release|x86.ActiveCfg = Release|Win32
		{455B351C-F1B2-4D35-AEF7-CD0A62F0AEA9}.Release|x86.Build.0 = Release|Win32
	EndGlobalSection
	GlobalSection(SolutionProperties) = preSolution
		HideSolutionNode = FALSE
	EndGlobalSection
	GlobalSection(ExtensibilityGlobals) = postSolution
		SolutionGuid = {EB4EED49-59A3-4D3C-ACF0-473F9F3968DF}
	EndGlobalSection
EndGlobal
